
Microsoft Visual Studio Solution File, Format Version 12.00
# Visual Studio Version 17
VisualStudioVersion = 17.2.32630.192
MinimumVisualStudioVersion = 10.0.40219.1
Project("{FAE04EC0-301F-11D3-BF4B-00C04F79EFBC}") = "RexJump", "RexJump\RexJump.csproj", "{E02ED870-7515-4B91-97FC-F37D25B2031C}"
EndProject
Global
	GlobalSection(SolutionConfigurationPlatforms) = preSolution
		Debug|Any CPU = Debug|Any CPU
		Release|Any CPU = Release|Any CPU
	EndGlobalSection
	GlobalSection(ProjectConfigurationPlatforms) = postSolution
		{E02ED870-7515-4B91-97FC-F37D25B2031C}.Debug|Any CPU.ActiveCfg = Debug|Any CPU
		{E02ED870-7515-4B91-97FC-F37D25B2031C}.Debug|Any CPU.Build.0 = Debug|Any CPU
		{E02ED870-7515-4B91-97FC-F37D25B2031C}.Release|Any CPU.ActiveCfg = Release|Any CPU
		{E02ED870-7515-4B91-97FC-F37D25B2031C}.Release|Any CPU.Build.0 = Release|Any CPU
	EndGlobalSection
	GlobalSection(SolutionProperties) = preSolution
		HideSolutionNode = FALSE
	EndGlobalSection
	GlobalSection(ExtensibilityGlobals) = postSolution
		SolutionGuid = {6E7471C9-EF0B-4A49-BA82-435B77DBD125}
	EndGlobalSection
EndGlobal
